// !$*UTF8*$!
{
	archiveVersion = 1;
	classes = {
	};
	objectVersion = 54;
	objects = {

/* Begin PBXBuildFile section */
		030C64F62AC62CC900548FBD /* Settings.bundle in Resources */ = {isa = PBXBuildFile; fileRef = 030C64F52AC62CC900548FBD /* Settings.bundle */; };
		030C64FC2AD0B24C00548FBD /* Initialization.swift in Sources */ = {isa = PBXBuildFile; fileRef = 030C64FB2AD0B24C00548FBD /* Initialization.swift */; };
		030FCAD42B182008004D13CD /* UrlCodecTests.swift in Sources */ = {isa = PBXBuildFile; fileRef = 030FCAD32B182008004D13CD /* UrlCodecTests.swift */; };
		030FCADC2B189AAB004D13CD /* UrlPolyfill.swift in Sources */ = {isa = PBXBuildFile; fileRef = 030FCAD52B1851F8004D13CD /* UrlPolyfill.swift */; };
		030FCADD2B18BF70004D13CD /* UrlPolyfill.swift in Sources */ = {isa = PBXBuildFile; fileRef = 030FCAD52B1851F8004D13CD /* UrlPolyfill.swift */; };
		030FCADF2B18BF72004D13CD /* UrlPolyfill.swift in Sources */ = {isa = PBXBuildFile; fileRef = 030FCAD52B1851F8004D13CD /* UrlPolyfill.swift */; };
		0336619F294DF7C900CFE179 /* Functions.swift in Sources */ = {isa = PBXBuildFile; fileRef = 0336619E294DF7C900CFE179 /* Functions.swift */; };
		033661A529510B7900CFE179 /* View.storyboard in Resources */ = {isa = PBXBuildFile; fileRef = 033661A329510B7900CFE179 /* View.storyboard */; };
		039F59532AD9591C002E9977 /* dist in Resources */ = {isa = PBXBuildFile; fileRef = 039F59522AD9591C002E9977 /* dist */; };
		039F59562ADA2FE2002E9977 /* USchemeHandler.swift in Sources */ = {isa = PBXBuildFile; fileRef = 039F59552ADA2FE2002E9977 /* USchemeHandler.swift */; };
		03C24F972ABD2CBB00F130F9 /* Preferences.swift in Sources */ = {isa = PBXBuildFile; fileRef = 03C24F962ABD2CBB00F130F9 /* Preferences.swift */; };
		03C24F982ABD2CBB00F130F9 /* Preferences.swift in Sources */ = {isa = PBXBuildFile; fileRef = 03C24F962ABD2CBB00F130F9 /* Preferences.swift */; };
		03C24F992ABD2CBB00F130F9 /* Preferences.swift in Sources */ = {isa = PBXBuildFile; fileRef = 03C24F962ABD2CBB00F130F9 /* Preferences.swift */; };
		03C24F9A2ABD2CBB00F130F9 /* Preferences.swift in Sources */ = {isa = PBXBuildFile; fileRef = 03C24F962ABD2CBB00F130F9 /* Preferences.swift */; };
		03C24F9B2ABD2CBB00F130F9 /* Preferences.swift in Sources */ = {isa = PBXBuildFile; fileRef = 03C24F962ABD2CBB00F130F9 /* Preferences.swift */; };
		03E20D06291E170000B4F692 /* dist in Resources */ = {isa = PBXBuildFile; fileRef = 03E20D05291E170000B4F692 /* dist */; };
		03E20D07291E170000B4F692 /* dist in Resources */ = {isa = PBXBuildFile; fileRef = 03E20D05291E170000B4F692 /* dist */; };
		4A143AAC279DE6FF0029BFD0 /* UserscriptsTests.swift in Sources */ = {isa = PBXBuildFile; fileRef = 4A143AAB279DE6FF0029BFD0 /* UserscriptsTests.swift */; };
		4A143AB2279DEA170029BFD0 /* Functions.swift in Sources */ = {isa = PBXBuildFile; fileRef = 4AED6491268CDB58001794BF /* Functions.swift */; };
		4A301B2A270A474400C7E9E1 /* SafariWebExtensionHandler.swift in Sources */ = {isa = PBXBuildFile; fileRef = 4A57BA07227235CE008A9763 /* SafariWebExtensionHandler.swift */; };
		4A301B2B270A474F00C7E9E1 /* _locales in Resources */ = {isa = PBXBuildFile; fileRef = 4A36A617268266B30018536B /* _locales */; };
		4A301B2C270A475200C7E9E1 /* images in Resources */ = {isa = PBXBuildFile; fileRef = 4A36A616268266B30018536B /* images */; };
		4A301B32270A49F200C7E9E1 /* Functions.swift in Sources */ = {isa = PBXBuildFile; fileRef = 4AED6491268CDB58001794BF /* Functions.swift */; };
		4A36A61A268266B30018536B /* images in Resources */ = {isa = PBXBuildFile; fileRef = 4A36A616268266B30018536B /* images */; };
		4A36A61B268266B30018536B /* _locales in Resources */ = {isa = PBXBuildFile; fileRef = 4A36A617268266B30018536B /* _locales */; };
		4A4CF6DE270A38BD00111584 /* AppDelegate.swift in Sources */ = {isa = PBXBuildFile; fileRef = 4A4CF6DD270A38BD00111584 /* AppDelegate.swift */; };
		4A4CF6E8270A38BD00111584 /* SceneDelegate.swift in Sources */ = {isa = PBXBuildFile; fileRef = 4A4CF6E7270A38BD00111584 /* SceneDelegate.swift */; };
		4A4CF6EA270A38BD00111584 /* ViewController.swift in Sources */ = {isa = PBXBuildFile; fileRef = 4A4CF6E9270A38BD00111584 /* ViewController.swift */; };
		4A4CF6ED270A38BD00111584 /* LaunchScreen.storyboard in Resources */ = {isa = PBXBuildFile; fileRef = 4A4CF6EB270A38BD00111584 /* LaunchScreen.storyboard */; };
		4A4CF6F0270A38BD00111584 /* Main.storyboard in Resources */ = {isa = PBXBuildFile; fileRef = 4A4CF6EE270A38BD00111584 /* Main.storyboard */; };
		4A4CF6F8270A38BF00111584 /* Userscripts-iOS-Safari-Extension.appex in Embed Foundation Extensions */ = {isa = PBXBuildFile; fileRef = 4A4CF6F7270A38BF00111584 /* Userscripts-iOS-Safari-Extension.appex */; settings = {ATTRIBUTES = (RemoveHeadersOnCopy, ); }; };
		4A4CF710270A38BF00111584 /* Assets.xcassets in Resources */ = {isa = PBXBuildFile; fileRef = 4A4CF6F1270A38BF00111584 /* Assets.xcassets */; };
		4A57B9F2227235CD008A9763 /* AppDelegate.swift in Sources */ = {isa = PBXBuildFile; fileRef = 4A57B9F1227235CD008A9763 /* AppDelegate.swift */; };
		4A57B9F5227235CD008A9763 /* Main.storyboard in Resources */ = {isa = PBXBuildFile; fileRef = 4A57B9F3227235CD008A9763 /* Main.storyboard */; };
		4A57B9F7227235CD008A9763 /* ViewController.swift in Sources */ = {isa = PBXBuildFile; fileRef = 4A57B9F6227235CD008A9763 /* ViewController.swift */; };
		4A57B9F9227235CE008A9763 /* Assets.xcassets in Resources */ = {isa = PBXBuildFile; fileRef = 4A57B9F8227235CE008A9763 /* Assets.xcassets */; };
		4A57BA00227235CE008A9763 /* Userscripts-Mac-Safari-Extension.appex in Embed Foundation Extensions */ = {isa = PBXBuildFile; fileRef = 4A57B9FF227235CE008A9763 /* Userscripts-Mac-Safari-Extension.appex */; settings = {ATTRIBUTES = (RemoveHeadersOnCopy, ); }; };
		4A57BA08227235CE008A9763 /* SafariWebExtensionHandler.swift in Sources */ = {isa = PBXBuildFile; fileRef = 4A57BA07227235CE008A9763 /* SafariWebExtensionHandler.swift */; };
		4AED6492268CDB58001794BF /* Functions.swift in Sources */ = {isa = PBXBuildFile; fileRef = 4AED6491268CDB58001794BF /* Functions.swift */; };
		7878ED24299BA27B00E36A24 /* SafariWebExtensionHandler.swift in Sources */ = {isa = PBXBuildFile; fileRef = 4A57BA07227235CE008A9763 /* SafariWebExtensionHandler.swift */; };
		78B25583299D4C27000B2E9B /* Utilities.swift in Sources */ = {isa = PBXBuildFile; fileRef = 78B25582299D4C27000B2E9B /* Utilities.swift */; };
		78B25584299D4C27000B2E9B /* Utilities.swift in Sources */ = {isa = PBXBuildFile; fileRef = 78B25582299D4C27000B2E9B /* Utilities.swift */; };
		78B25585299D4C27000B2E9B /* Utilities.swift in Sources */ = {isa = PBXBuildFile; fileRef = 78B25582299D4C27000B2E9B /* Utilities.swift */; };
		78B25586299D4C27000B2E9B /* Utilities.swift in Sources */ = {isa = PBXBuildFile; fileRef = 78B25582299D4C27000B2E9B /* Utilities.swift */; };
		78B25587299D4C27000B2E9B /* Utilities.swift in Sources */ = {isa = PBXBuildFile; fileRef = 78B25582299D4C27000B2E9B /* Utilities.swift */; };
/* End PBXBuildFile section */

/* Begin PBXContainerItemProxy section */
		4A143AAD279DE6FF0029BFD0 /* PBXContainerItemProxy */ = {
			isa = PBXContainerItemProxy;
			containerPortal = 4A57B9E4227235CD008A9763 /* Project object */;
			proxyType = 1;
			remoteGlobalIDString = 4A57B9EB227235CD008A9763;
			remoteInfo = Userscripts;
		};
		4A4CF6F9270A38BF00111584 /* PBXContainerItemProxy */ = {
			isa = PBXContainerItemProxy;
			containerPortal = 4A57B9E4227235CD008A9763 /* Project object */;
			proxyType = 1;
			remoteGlobalIDString = 4A4CF6F6270A38BF00111584;
			remoteInfo = "Userscripts-iOS Extension";
		};
		4A57BA01227235CE008A9763 /* PBXContainerItemProxy */ = {
			isa = PBXContainerItemProxy;
			containerPortal = 4A57B9E4227235CD008A9763 /* Project object */;
			proxyType = 1;
			remoteGlobalIDString = 4A57B9FE227235CE008A9763;
			remoteInfo = "Userscripts Extension";
		};
/* End PBXContainerItemProxy section */

/* Begin PBXCopyFilesBuildPhase section */
		4A4CF713270A38BF00111584 /* Embed Foundation Extensions */ = {
			isa = PBXCopyFilesBuildPhase;
			buildActionMask = 2147483647;
			dstPath = "";
			dstSubfolderSpec = 13;
			files = (
				4A4CF6F8270A38BF00111584 /* Userscripts-iOS-Safari-Extension.appex in Embed Foundation Extensions */,
			);
			name = "Embed Foundation Extensions";
			runOnlyForDeploymentPostprocessing = 0;
		};
		4A57BA19227235CE008A9763 /* Embed Foundation Extensions */ = {
			isa = PBXCopyFilesBuildPhase;
			buildActionMask = 2147483647;
			dstPath = "";
			dstSubfolderSpec = 13;
			files = (
				4A57BA00227235CE008A9763 /* Userscripts-Mac-Safari-Extension.appex in Embed Foundation Extensions */,
			);
			name = "Embed Foundation Extensions";
			runOnlyForDeploymentPostprocessing = 0;
		};
/* End PBXCopyFilesBuildPhase section */

/* Begin PBXFileReference section */
		030C64F52AC62CC900548FBD /* Settings.bundle */ = {isa = PBXFileReference; lastKnownFileType = "wrapper.plug-in"; path = Settings.bundle; sourceTree = "<group>"; };
		030C64FB2AD0B24C00548FBD /* Initialization.swift */ = {isa = PBXFileReference; lastKnownFileType = sourcecode.swift; path = Initialization.swift; sourceTree = "<group>"; };
		030FCAD32B182008004D13CD /* UrlCodecTests.swift */ = {isa = PBXFileReference; lastKnownFileType = sourcecode.swift; path = UrlCodecTests.swift; sourceTree = "<group>"; };
		030FCAD52B1851F8004D13CD /* UrlPolyfill.swift */ = {isa = PBXFileReference; lastKnownFileType = sourcecode.swift; path = UrlPolyfill.swift; sourceTree = "<group>"; };
		0336619E294DF7C900CFE179 /* Functions.swift */ = {isa = PBXFileReference; lastKnownFileType = sourcecode.swift; path = Functions.swift; sourceTree = "<group>"; };
		033661A429510B7900CFE179 /* Base */ = {isa = PBXFileReference; lastKnownFileType = file.storyboard; name = Base; path = Base.lproj/View.storyboard; sourceTree = "<group>"; };
		039F59522AD9591C002E9977 /* dist */ = {isa = PBXFileReference; lastKnownFileType = folder; path = dist; sourceTree = "<group>"; };
		039F59552ADA2FE2002E9977 /* USchemeHandler.swift */ = {isa = PBXFileReference; lastKnownFileType = sourcecode.swift; path = USchemeHandler.swift; sourceTree = "<group>"; };
		039F59662B03AE5A002E9977 /* Userscripts-Vite.xcconfig */ = {isa = PBXFileReference; lastKnownFileType = text.xcconfig; path = "Userscripts-Vite.xcconfig"; sourceTree = "<group>"; };
		03C24F962ABD2CBB00F130F9 /* Preferences.swift */ = {isa = PBXFileReference; lastKnownFileType = sourcecode.swift; path = Preferences.swift; sourceTree = "<group>"; };
		03E20D05291E170000B4F692 /* dist */ = {isa = PBXFileReference; lastKnownFileType = folder; path = dist; sourceTree = "<group>"; };
		4A143AA9279DE6FF0029BFD0 /* Mac-Tests.xctest */ = {isa = PBXFileReference; explicitFileType = wrapper.cfbundle; includeInIndex = 0; path = "Mac-Tests.xctest"; sourceTree = BUILT_PRODUCTS_DIR; };
		4A143AAB279DE6FF0029BFD0 /* UserscriptsTests.swift */ = {isa = PBXFileReference; lastKnownFileType = sourcecode.swift; path = UserscriptsTests.swift; sourceTree = "<group>"; };
		4A36A616268266B30018536B /* images */ = {isa = PBXFileReference; lastKnownFileType = folder; path = images; sourceTree = "<group>"; };
		4A36A617268266B30018536B /* _locales */ = {isa = PBXFileReference; lastKnownFileType = folder; path = _locales; sourceTree = "<group>"; };
		4A4CF6DB270A38BD00111584 /* Userscripts-iOS-App.app */ = {isa = PBXFileReference; explicitFileType = wrapper.application; includeInIndex = 0; path = "Userscripts-iOS-App.app"; sourceTree = BUILT_PRODUCTS_DIR; };
		4A4CF6DD270A38BD00111584 /* AppDelegate.swift */ = {isa = PBXFileReference; lastKnownFileType = sourcecode.swift; path = AppDelegate.swift; sourceTree = "<group>"; };
		4A4CF6E7270A38BD00111584 /* SceneDelegate.swift */ = {isa = PBXFileReference; lastKnownFileType = sourcecode.swift; path = SceneDelegate.swift; sourceTree = "<group>"; };
		4A4CF6E9270A38BD00111584 /* ViewController.swift */ = {isa = PBXFileReference; lastKnownFileType = sourcecode.swift; path = ViewController.swift; sourceTree = "<group>"; };
		4A4CF6EC270A38BD00111584 /* Base */ = {isa = PBXFileReference; lastKnownFileType = file.storyboard; name = Base; path = Base.lproj/LaunchScreen.storyboard; sourceTree = "<group>"; };
		4A4CF6EF270A38BD00111584 /* Base */ = {isa = PBXFileReference; lastKnownFileType = file.storyboard; name = Base; path = Base.lproj/Main.storyboard; sourceTree = "<group>"; };
		4A4CF6F1270A38BF00111584 /* Assets.xcassets */ = {isa = PBXFileReference; lastKnownFileType = folder.assetcatalog; path = Assets.xcassets; sourceTree = "<group>"; };
		4A4CF6F2270A38BF00111584 /* Info.plist */ = {isa = PBXFileReference; lastKnownFileType = text.plist.xml; path = Info.plist; sourceTree = "<group>"; };
		4A4CF6F7270A38BF00111584 /* Userscripts-iOS-Safari-Extension.appex */ = {isa = PBXFileReference; explicitFileType = "wrapper.app-extension"; includeInIndex = 0; path = "Userscripts-iOS-Safari-Extension.appex"; sourceTree = BUILT_PRODUCTS_DIR; };
		4A4CF718270A38C700111584 /* App.entitlements */ = {isa = PBXFileReference; lastKnownFileType = text.plist.entitlements; path = App.entitlements; sourceTree = "<group>"; };
		4A57B9EC227235CD008A9763 /* Userscripts-Debug.app */ = {isa = PBXFileReference; explicitFileType = wrapper.application; includeInIndex = 0; path = "Userscripts-Debug.app"; sourceTree = BUILT_PRODUCTS_DIR; };
		4A57B9EF227235CD008A9763 /* App.entitlements */ = {isa = PBXFileReference; lastKnownFileType = text.plist.entitlements; path = App.entitlements; sourceTree = "<group>"; };
		4A57B9F1227235CD008A9763 /* AppDelegate.swift */ = {isa = PBXFileReference; lastKnownFileType = sourcecode.swift; path = AppDelegate.swift; sourceTree = "<group>"; };
		4A57B9F4227235CD008A9763 /* Base */ = {isa = PBXFileReference; lastKnownFileType = file.storyboard; name = Base; path = Base.lproj/Main.storyboard; sourceTree = "<group>"; };
		4A57B9F6227235CD008A9763 /* ViewController.swift */ = {isa = PBXFileReference; lastKnownFileType = sourcecode.swift; path = ViewController.swift; sourceTree = "<group>"; };
		4A57B9F8227235CE008A9763 /* Assets.xcassets */ = {isa = PBXFileReference; lastKnownFileType = folder.assetcatalog; path = Assets.xcassets; sourceTree = "<group>"; };
		4A57B9FA227235CE008A9763 /* Info.plist */ = {isa = PBXFileReference; lastKnownFileType = text.plist.xml; path = Info.plist; sourceTree = "<group>"; };
		4A57B9FF227235CE008A9763 /* Userscripts-Mac-Safari-Extension.appex */ = {isa = PBXFileReference; explicitFileType = "wrapper.app-extension"; includeInIndex = 0; path = "Userscripts-Mac-Safari-Extension.appex"; sourceTree = BUILT_PRODUCTS_DIR; };
		4A57BA07227235CE008A9763 /* SafariWebExtensionHandler.swift */ = {isa = PBXFileReference; lastKnownFileType = sourcecode.swift; path = SafariWebExtensionHandler.swift; sourceTree = "<group>"; };
		4A57BA0E227235CE008A9763 /* Info.plist */ = {isa = PBXFileReference; lastKnownFileType = text.plist.xml; path = Info.plist; sourceTree = "<group>"; };
		4A57BA1D227235E6008A9763 /* Mac.entitlements */ = {isa = PBXFileReference; lastKnownFileType = text.plist.entitlements; path = Mac.entitlements; sourceTree = "<group>"; };
		4AD66D2026826D8100B004E8 /* manifest.json */ = {isa = PBXFileReference; fileEncoding = 4; lastKnownFileType = text.json; path = manifest.json; sourceTree = "<group>"; };
		4AED6491268CDB58001794BF /* Functions.swift */ = {isa = PBXFileReference; lastKnownFileType = sourcecode.swift; path = Functions.swift; sourceTree = "<group>"; };
		78391D4629A4CB3C00979E34 /* Userscripts-Debug.xcconfig */ = {isa = PBXFileReference; lastKnownFileType = text.xcconfig; path = "Userscripts-Debug.xcconfig"; sourceTree = "<group>"; };
		78391D4729A4CB3C00979E34 /* Userscripts-Release.xcconfig */ = {isa = PBXFileReference; lastKnownFileType = text.xcconfig; path = "Userscripts-Release.xcconfig"; sourceTree = "<group>"; };
		7878ED2D299BA40800E36A24 /* iOS.entitlements */ = {isa = PBXFileReference; lastKnownFileType = text.plist.entitlements; path = iOS.entitlements; sourceTree = "<group>"; };
		7878ED2F299BBEBF00E36A24 /* iOS-Safari-Extension.xcconfig */ = {isa = PBXFileReference; lastKnownFileType = text.xcconfig; path = "iOS-Safari-Extension.xcconfig"; sourceTree = "<group>"; };
		7878ED31299BBEBF00E36A24 /* Mac-Tests.xcconfig */ = {isa = PBXFileReference; lastKnownFileType = text.xcconfig; path = "Mac-Tests.xcconfig"; sourceTree = "<group>"; };
		7878ED32299BBEBF00E36A24 /* Mac-Safari-Extension.xcconfig */ = {isa = PBXFileReference; lastKnownFileType = text.xcconfig; path = "Mac-Safari-Extension.xcconfig"; sourceTree = "<group>"; };
		7878ED34299BBEBF00E36A24 /* iOS-App.xcconfig */ = {isa = PBXFileReference; lastKnownFileType = text.xcconfig; path = "iOS-App.xcconfig"; sourceTree = "<group>"; };
		7878ED38299BBEBF00E36A24 /* Mac-App.xcconfig */ = {isa = PBXFileReference; lastKnownFileType = text.xcconfig; path = "Mac-App.xcconfig"; sourceTree = "<group>"; };
		78B25582299D4C27000B2E9B /* Utilities.swift */ = {isa = PBXFileReference; fileEncoding = 4; lastKnownFileType = sourcecode.swift; path = Utilities.swift; sourceTree = "<group>"; };
/* End PBXFileReference section */

/* Begin PBXFrameworksBuildPhase section */
		4A143AA6279DE6FF0029BFD0 /* Frameworks */ = {
			isa = PBXFrameworksBuildPhase;
			buildActionMask = 2147483647;
			files = (
			);
			runOnlyForDeploymentPostprocessing = 0;
		};
		4A4CF6D8270A38BD00111584 /* Frameworks */ = {
			isa = PBXFrameworksBuildPhase;
			buildActionMask = 2147483647;
			files = (
			);
			runOnlyForDeploymentPostprocessing = 0;
		};
		4A4CF6F4270A38BF00111584 /* Frameworks */ = {
			isa = PBXFrameworksBuildPhase;
			buildActionMask = 2147483647;
			files = (
			);
			runOnlyForDeploymentPostprocessing = 0;
		};
		4A57B9E9227235CD008A9763 /* Frameworks */ = {
			isa = PBXFrameworksBuildPhase;
			buildActionMask = 2147483647;
			files = (
			);
			runOnlyForDeploymentPostprocessing = 0;
		};
		4A57B9FC227235CE008A9763 /* Frameworks */ = {
			isa = PBXFrameworksBuildPhase;
			buildActionMask = 2147483647;
			files = (
			);
			runOnlyForDeploymentPostprocessing = 0;
		};
/* End PBXFrameworksBuildPhase section */

/* Begin PBXGroup section */
		0316A9992AD7709600AAEC8A /* App-Shared */ = {
			isa = PBXGroup;
			children = (
				039F59512AD95485002E9977 /* Resources */,
				4A4CF6E9270A38BD00111584 /* ViewController.swift */,
				039F59552ADA2FE2002E9977 /* USchemeHandler.swift */,
			);
			path = "App-Shared";
			sourceTree = "<group>";
		};
		039F59512AD95485002E9977 /* Resources */ = {
			isa = PBXGroup;
			children = (
				039F59522AD9591C002E9977 /* dist */,
			);
			path = Resources;
			sourceTree = "<group>";
		};
		4A143AAA279DE6FF0029BFD0 /* Tests-Mac */ = {
			isa = PBXGroup;
			children = (
				4A143AAB279DE6FF0029BFD0 /* UserscriptsTests.swift */,
				030FCAD32B182008004D13CD /* UrlCodecTests.swift */,
			);
			path = "Tests-Mac";
			sourceTree = "<group>";
		};
		4A4CF6DC270A38BD00111584 /* App-iOS */ = {
			isa = PBXGroup;
			children = (
				4A4CF6F2270A38BF00111584 /* Info.plist */,
				4A4CF718270A38C700111584 /* App.entitlements */,
				030C64F52AC62CC900548FBD /* Settings.bundle */,
				4A4CF6F1270A38BF00111584 /* Assets.xcassets */,
				4A4CF6DD270A38BD00111584 /* AppDelegate.swift */,
				4A4CF6E7270A38BD00111584 /* SceneDelegate.swift */,
				030C64FB2AD0B24C00548FBD /* Initialization.swift */,
				4A4CF6EB270A38BD00111584 /* LaunchScreen.storyboard */,
				4A4CF6EE270A38BD00111584 /* Main.storyboard */,
			);
			path = "App-iOS";
			sourceTree = "<group>";
		};
		4A57B9E3227235CD008A9763 = {
			isa = PBXGroup;
			children = (
				7878ED2E299BBEBF00E36A24 /* xcconfig */,
				78B25581299D4C27000B2E9B /* Shared */,
				4A57BA06227235CE008A9763 /* Ext-Safari */,
				0316A9992AD7709600AAEC8A /* App-Shared */,
				4A57B9EE227235CD008A9763 /* App-Mac */,
				4A4CF6DC270A38BD00111584 /* App-iOS */,
				4A143AAA279DE6FF0029BFD0 /* Tests-Mac */,
				4A57B9ED227235CD008A9763 /* Products */,
			);
			sourceTree = "<group>";
		};
		4A57B9ED227235CD008A9763 /* Products */ = {
			isa = PBXGroup;
			children = (
				4A57B9EC227235CD008A9763 /* Userscripts-Debug.app */,
				4A57B9FF227235CE008A9763 /* Userscripts-Mac-Safari-Extension.appex */,
				4A4CF6DB270A38BD00111584 /* Userscripts-iOS-App.app */,
				4A4CF6F7270A38BF00111584 /* Userscripts-iOS-Safari-Extension.appex */,
				4A143AA9279DE6FF0029BFD0 /* Mac-Tests.xctest */,
			);
			name = Products;
			sourceTree = "<group>";
		};
		4A57B9EE227235CD008A9763 /* App-Mac */ = {
			isa = PBXGroup;
			children = (
				4A57B9FA227235CE008A9763 /* Info.plist */,
				4A57B9EF227235CD008A9763 /* App.entitlements */,
				4A57B9F8227235CE008A9763 /* Assets.xcassets */,
				4A57B9F1227235CD008A9763 /* AppDelegate.swift */,
				4A57B9F6227235CD008A9763 /* ViewController.swift */,
				0336619E294DF7C900CFE179 /* Functions.swift */,
				4A57B9F3227235CD008A9763 /* Main.storyboard */,
				033661A329510B7900CFE179 /* View.storyboard */,
			);
			path = "App-Mac";
			sourceTree = "<group>";
		};
		4A57BA06227235CE008A9763 /* Ext-Safari */ = {
			isa = PBXGroup;
			children = (
				4A57BA0E227235CE008A9763 /* Info.plist */,
				4A57BA1D227235E6008A9763 /* Mac.entitlements */,
				7878ED2D299BA40800E36A24 /* iOS.entitlements */,
				4AF1DD0D268265DB00086E88 /* Resources */,
				4A57BA07227235CE008A9763 /* SafariWebExtensionHandler.swift */,
				4AED6491268CDB58001794BF /* Functions.swift */,
			);
			path = "Ext-Safari";
			sourceTree = "<group>";
		};
		4AF1DD0D268265DB00086E88 /* Resources */ = {
			isa = PBXGroup;
			children = (
				4A36A617268266B30018536B /* _locales */,
				4A36A616268266B30018536B /* images */,
				03E20D05291E170000B4F692 /* dist */,
				4AD66D2026826D8100B004E8 /* manifest.json */,
			);
			path = Resources;
			sourceTree = "<group>";
		};
		7878ED2E299BBEBF00E36A24 /* xcconfig */ = {
			isa = PBXGroup;
			children = (
				039F59662B03AE5A002E9977 /* Userscripts-Vite.xcconfig */,
				78391D4629A4CB3C00979E34 /* Userscripts-Debug.xcconfig */,
				78391D4729A4CB3C00979E34 /* Userscripts-Release.xcconfig */,
				7878ED38299BBEBF00E36A24 /* Mac-App.xcconfig */,
				7878ED32299BBEBF00E36A24 /* Mac-Safari-Extension.xcconfig */,
				7878ED34299BBEBF00E36A24 /* iOS-App.xcconfig */,
				7878ED2F299BBEBF00E36A24 /* iOS-Safari-Extension.xcconfig */,
				7878ED31299BBEBF00E36A24 /* Mac-Tests.xcconfig */,
			);
			path = xcconfig;
			sourceTree = "<group>";
		};
		78B25581299D4C27000B2E9B /* Shared */ = {
			isa = PBXGroup;
			children = (
				78B25582299D4C27000B2E9B /* Utilities.swift */,
				03C24F962ABD2CBB00F130F9 /* Preferences.swift */,
				030FCAD52B1851F8004D13CD /* UrlPolyfill.swift */,
			);
			path = Shared;
			sourceTree = "<group>";
		};
/* End PBXGroup section */

/* Begin PBXNativeTarget section */
		4A143AA8279DE6FF0029BFD0 /* Mac-Tests */ = {
			isa = PBXNativeTarget;
			buildConfigurationList = 4A143AB1279DE6FF0029BFD0 /* Build configuration list for PBXNativeTarget "Mac-Tests" */;
			buildPhases = (
				4A143AA5279DE6FF0029BFD0 /* Sources */,
				4A143AA6279DE6FF0029BFD0 /* Frameworks */,
				4A143AA7279DE6FF0029BFD0 /* Resources */,
			);
			buildRules = (
			);
			dependencies = (
				4A143AAE279DE6FF0029BFD0 /* PBXTargetDependency */,
			);
			name = "Mac-Tests";
			productName = "Mac-Tests";
			productReference = 4A143AA9279DE6FF0029BFD0 /* Mac-Tests.xctest */;
			productType = "com.apple.product-type.bundle.unit-test";
		};
		4A4CF6DA270A38BD00111584 /* iOS-App */ = {
			isa = PBXNativeTarget;
			buildConfigurationList = 4A4CF717270A38BF00111584 /* Build configuration list for PBXNativeTarget "iOS-App" */;
			buildPhases = (
				4A4CF6D7270A38BD00111584 /* Sources */,
				4A4CF6D8270A38BD00111584 /* Frameworks */,
				4A4CF6D9270A38BD00111584 /* Resources */,
				4A4CF713270A38BF00111584 /* Embed Foundation Extensions */,
				030C64F72AC713A600548FBD /* UScript: Introduce values to app Settings.bundle */,
			);
			buildRules = (
			);
			dependencies = (
				4A4CF6FA270A38BF00111584 /* PBXTargetDependency */,
			);
			name = "iOS-App";
			productName = "iOS-App";
			productReference = 4A4CF6DB270A38BD00111584 /* Userscripts-iOS-App.app */;
			productType = "com.apple.product-type.application";
		};
		4A4CF6F6270A38BF00111584 /* iOS-Safari-Extension */ = {
			isa = PBXNativeTarget;
			buildConfigurationList = 4A4CF716270A38BF00111584 /* Build configuration list for PBXNativeTarget "iOS-Safari-Extension" */;
			buildPhases = (
				4A4CF6F3270A38BF00111584 /* Sources */,
				4A4CF6F4270A38BF00111584 /* Frameworks */,
				4A4CF6F5270A38BF00111584 /* Resources */,
				039F59592ADFA415002E9977 /* UScript: Produce ext manifest.json */,
			);
			buildRules = (
			);
			dependencies = (
			);
			name = "iOS-Safari-Extension";
			productName = "iOS-Safari-Extension";
			productReference = 4A4CF6F7270A38BF00111584 /* Userscripts-iOS-Safari-Extension.appex */;
			productType = "com.apple.product-type.app-extension";
		};
		4A57B9EB227235CD008A9763 /* Mac-App */ = {
			isa = PBXNativeTarget;
			buildConfigurationList = 4A57BA1A227235CE008A9763 /* Build configuration list for PBXNativeTarget "Mac-App" */;
			buildPhases = (
				4A57B9E8227235CD008A9763 /* Sources */,
				4A57B9E9227235CD008A9763 /* Frameworks */,
				4A57B9EA227235CD008A9763 /* Resources */,
				4A57BA19227235CE008A9763 /* Embed Foundation Extensions */,
			);
			buildRules = (
			);
			dependencies = (
				4A57BA02227235CE008A9763 /* PBXTargetDependency */,
			);
			name = "Mac-App";
			productName = "Mac-App";
			productReference = 4A57B9EC227235CD008A9763 /* Userscripts-Debug.app */;
			productType = "com.apple.product-type.application";
		};
		4A57B9FE227235CE008A9763 /* Mac-Safari-Extension */ = {
			isa = PBXNativeTarget;
			buildConfigurationList = 4A57BA16227235CE008A9763 /* Build configuration list for PBXNativeTarget "Mac-Safari-Extension" */;
			buildPhases = (
				4A57B9FB227235CE008A9763 /* Sources */,
				4A57B9FC227235CE008A9763 /* Frameworks */,
				4A57B9FD227235CE008A9763 /* Resources */,
				039F59572ADF9558002E9977 /* UScript: Produce ext manifest.json */,
			);
			buildRules = (
			);
			dependencies = (
			);
			name = "Mac-Safari-Extension";
			productName = "Mac-Safari-Extension";
			productReference = 4A57B9FF227235CE008A9763 /* Userscripts-Mac-Safari-Extension.appex */;
			productType = "com.apple.product-type.app-extension";
		};
/* End PBXNativeTarget section */

/* Begin PBXProject section */
		4A57B9E4227235CD008A9763 /* Project object */ = {
			isa = PBXProject;
			attributes = {
				BuildIndependentTargetsInParallel = YES;
				LastSwiftUpdateCheck = 1320;
				LastUpgradeCheck = 1420;
				ORGANIZATIONNAME = "Justin Wasack";
				TargetAttributes = {
					4A143AA8279DE6FF0029BFD0 = {
						CreatedOnToolsVersion = 13.2.1;
						TestTargetID = 4A57B9EB227235CD008A9763;
					};
					4A4CF6DA270A38BD00111584 = {
						CreatedOnToolsVersion = 13.0;
					};
					4A4CF6F6270A38BF00111584 = {
						CreatedOnToolsVersion = 13.0;
					};
					4A57B9EB227235CD008A9763 = {
						CreatedOnToolsVersion = 10.2.1;
					};
					4A57B9FE227235CE008A9763 = {
						CreatedOnToolsVersion = 10.2.1;
						SystemCapabilities = {
							com.apple.Sandbox = {
								enabled = 1;
							};
						};
					};
				};
			};
			buildConfigurationList = 4A57B9E7227235CD008A9763 /* Build configuration list for PBXProject "Userscripts" */;
			compatibilityVersion = "Xcode 9.3";
			developmentRegion = en;
			hasScannedForEncodings = 0;
			knownRegions = (
				en,
				Base,
			);
			mainGroup = 4A57B9E3227235CD008A9763;
			productRefGroup = 4A57B9ED227235CD008A9763 /* Products */;
			projectDirPath = "";
			projectRoot = "";
			targets = (
				4A57B9EB227235CD008A9763 /* Mac-App */,
				4A57B9FE227235CE008A9763 /* Mac-Safari-Extension */,
				4A4CF6DA270A38BD00111584 /* iOS-App */,
				4A4CF6F6270A38BF00111584 /* iOS-Safari-Extension */,
				4A143AA8279DE6FF0029BFD0 /* Mac-Tests */,
			);
		};
/* End PBXProject section */

/* Begin PBXResourcesBuildPhase section */
		4A143AA7279DE6FF0029BFD0 /* Resources */ = {
			isa = PBXResourcesBuildPhase;
			buildActionMask = 2147483647;
			files = (
			);
			runOnlyForDeploymentPostprocessing = 0;
		};
		4A4CF6D9270A38BD00111584 /* Resources */ = {
			isa = PBXResourcesBuildPhase;
			buildActionMask = 2147483647;
			files = (
				4A4CF6F0270A38BD00111584 /* Main.storyboard in Resources */,
				4A4CF6ED270A38BD00111584 /* LaunchScreen.storyboard in Resources */,
				030C64F62AC62CC900548FBD /* Settings.bundle in Resources */,
				4A4CF710270A38BF00111584 /* Assets.xcassets in Resources */,
				039F59532AD9591C002E9977 /* dist in Resources */,
			);
			runOnlyForDeploymentPostprocessing = 0;
		};
		4A4CF6F5270A38BF00111584 /* Resources */ = {
			isa = PBXResourcesBuildPhase;
			buildActionMask = 2147483647;
			files = (
				4A301B2C270A475200C7E9E1 /* images in Resources */,
				03E20D07291E170000B4F692 /* dist in Resources */,
				4A301B2B270A474F00C7E9E1 /* _locales in Resources */,
			);
			runOnlyForDeploymentPostprocessing = 0;
		};
		4A57B9EA227235CD008A9763 /* Resources */ = {
			isa = PBXResourcesBuildPhase;
			buildActionMask = 2147483647;
			files = (
				4A57B9F9227235CE008A9763 /* Assets.xcassets in Resources */,
				033661A529510B7900CFE179 /* View.storyboard in Resources */,
				4A57B9F5227235CD008A9763 /* Main.storyboard in Resources */,
			);
			runOnlyForDeploymentPostprocessing = 0;
		};
		4A57B9FD227235CE008A9763 /* Resources */ = {
			isa = PBXResourcesBuildPhase;
			buildActionMask = 2147483647;
			files = (
				03E20D06291E170000B4F692 /* dist in Resources */,
				4A36A61A268266B30018536B /* images in Resources */,
				4A36A61B268266B30018536B /* _locales in Resources */,
			);
			runOnlyForDeploymentPostprocessing = 0;
		};
/* End PBXResourcesBuildPhase section */

/* Begin PBXShellScriptBuildPhase section */
		030C64F72AC713A600548FBD /* UScript: Introduce values to app Settings.bundle */ = {
			isa = PBXShellScriptBuildPhase;
			buildActionMask = 2147483647;
			files = (
			);
			inputFileListPaths = (
			);
			inputPaths = (
				"$(SRCROOT)/$(SRC_DIR)/Settings.bundle/Root.plist",
				"$(TARGET_BUILD_DIR)/$(INFOPLIST_PATH)",
			);
			name = "UScript: Introduce values to app Settings.bundle";
			outputFileListPaths = (
			);
			outputPaths = (
				"$(TARGET_BUILD_DIR)/$(EXECUTABLE_FOLDER_PATH)/Settings.bundle/Root.plist",
			);
			runOnlyForDeploymentPostprocessing = 0;
			shellPath = /bin/sh;
			shellScript = "# Dynamically introduce US_SHARED_GID in xcconfig for Settings.bundle\nUS_SHARED_GID=$(/usr/libexec/PlistBuddy -c \"Print US_SHARED_GID\" \"$TARGET_BUILD_DIR/$INFOPLIST_PATH\")\nSETTINGS_BUNDLE=$TARGET_BUILD_DIR/$EXECUTABLE_FOLDER_PATH/Settings.bundle/Root.plist\n/usr/libexec/PlistBuddy -c \"Set ApplicationGroupContainerIdentifier $US_SHARED_GID\" \"$SETTINGS_BUNDLE\"\n";
		};
		039F59572ADF9558002E9977 /* UScript: Produce ext manifest.json */ = {
			isa = PBXShellScriptBuildPhase;
			buildActionMask = 2147483647;
			files = (
			);
			inputFileListPaths = (
			);
			inputPaths = (
				"$(SRCROOT)/$(MANIFEST_FILE)",
				"$(SRCROOT)/$(SRC_DIR)/Resources/_locales/en/messages.json",
				"$(TARGET_BUILD_DIR)/$(INFOPLIST_PATH)",
			);
			name = "UScript: Produce ext manifest.json";
			outputFileListPaths = (
			);
			outputPaths = (
				"$(TARGET_BUILD_DIR)/$(UNLOCALIZED_RESOURCES_FOLDER_PATH)/manifest.json",
			);
			runOnlyForDeploymentPostprocessing = 0;
			shellPath = /bin/sh;
			shellScript = "sed \"s/_VERSION_/$MAC_APP_VERSION/\" $SRCROOT/$MANIFEST_FILE > $TARGET_BUILD_DIR/$UNLOCALIZED_RESOURCES_FOLDER_PATH/manifest.json\nsed -i \"\" \"s/_NAME_/$MANIFEST_NAME/\" $TARGET_BUILD_DIR/$UNLOCALIZED_RESOURCES_FOLDER_PATH/_locales/en/messages.json\n";
		};
		039F59592ADFA415002E9977 /* UScript: Produce ext manifest.json */ = {
			isa = PBXShellScriptBuildPhase;
			buildActionMask = 2147483647;
			files = (
			);
			inputFileListPaths = (
			);
			inputPaths = (
				"$(SRCROOT)/$(MANIFEST_FILE)",
				"$(SRCROOT)/$(SRC_DIR)/Resources/_locales/en/messages.json",
				"$(TARGET_BUILD_DIR)/$(INFOPLIST_PATH)",
			);
			name = "UScript: Produce ext manifest.json";
			outputFileListPaths = (
			);
			outputPaths = (
				"$(TARGET_BUILD_DIR)/$(CONTENTS_FOLDER_PATH)/manifest.json",
			);
			runOnlyForDeploymentPostprocessing = 0;
			shellPath = /bin/sh;
			shellScript = "sed \"s/_VERSION_/$IOS_APP_VERSION/\" $SRCROOT/$MANIFEST_FILE > $TARGET_BUILD_DIR/$CONTENTS_FOLDER_PATH/manifest.json\nsed -i \"\" \"s/_NAME_/$MANIFEST_NAME/\" $TARGET_BUILD_DIR/$CONTENTS_FOLDER_PATH/_locales/en/messages.json\n";
		};
/* End PBXShellScriptBuildPhase section */

/* Begin PBXSourcesBuildPhase section */
		4A143AA5279DE6FF0029BFD0 /* Sources */ = {
			isa = PBXSourcesBuildPhase;
			buildActionMask = 2147483647;
			files = (
				7878ED24299BA27B00E36A24 /* SafariWebExtensionHandler.swift in Sources */,
				030FCADC2B189AAB004D13CD /* UrlPolyfill.swift in Sources */,
				030FCAD42B182008004D13CD /* UrlCodecTests.swift in Sources */,
				4A143AB2279DEA170029BFD0 /* Functions.swift in Sources */,
				03C24F9B2ABD2CBB00F130F9 /* Preferences.swift in Sources */,
				78B25587299D4C27000B2E9B /* Utilities.swift in Sources */,
				4A143AAC279DE6FF0029BFD0 /* UserscriptsTests.swift in Sources */,
			);
			runOnlyForDeploymentPostprocessing = 0;
		};
		4A4CF6D7270A38BD00111584 /* Sources */ = {
			isa = PBXSourcesBuildPhase;
			buildActionMask = 2147483647;
			files = (
				4A4CF6EA270A38BD00111584 /* ViewController.swift in Sources */,
				4A4CF6DE270A38BD00111584 /* AppDelegate.swift in Sources */,
				03C24F992ABD2CBB00F130F9 /* Preferences.swift in Sources */,
				030C64FC2AD0B24C00548FBD /* Initialization.swift in Sources */,
				78B25585299D4C27000B2E9B /* Utilities.swift in Sources */,
				4A4CF6E8270A38BD00111584 /* SceneDelegate.swift in Sources */,
				039F59562ADA2FE2002E9977 /* USchemeHandler.swift in Sources */,
			);
			runOnlyForDeploymentPostprocessing = 0;
		};
		4A4CF6F3270A38BF00111584 /* Sources */ = {
			isa = PBXSourcesBuildPhase;
			buildActionMask = 2147483647;
			files = (
				78B25586299D4C27000B2E9B /* Utilities.swift in Sources */,
				4A301B2A270A474400C7E9E1 /* SafariWebExtensionHandler.swift in Sources */,
				030FCADD2B18BF70004D13CD /* UrlPolyfill.swift in Sources */,
				03C24F9A2ABD2CBB00F130F9 /* Preferences.swift in Sources */,
				4A301B32270A49F200C7E9E1 /* Functions.swift in Sources */,
			);
			runOnlyForDeploymentPostprocessing = 0;
		};
		4A57B9E8227235CD008A9763 /* Sources */ = {
			isa = PBXSourcesBuildPhase;
			buildActionMask = 2147483647;
			files = (
				4A57B9F7227235CD008A9763 /* ViewController.swift in Sources */,
				4A57B9F2227235CD008A9763 /* AppDelegate.swift in Sources */,
				03C24F972ABD2CBB00F130F9 /* Preferences.swift in Sources */,
				78B25583299D4C27000B2E9B /* Utilities.swift in Sources */,
				0336619F294DF7C900CFE179 /* Functions.swift in Sources */,
			);
			runOnlyForDeploymentPostprocessing = 0;
		};
		4A57B9FB227235CE008A9763 /* Sources */ = {
			isa = PBXSourcesBuildPhase;
			buildActionMask = 2147483647;
			files = (
				78B25584299D4C27000B2E9B /* Utilities.swift in Sources */,
				4A57BA08227235CE008A9763 /* SafariWebExtensionHandler.swift in Sources */,
				030FCADF2B18BF72004D13CD /* UrlPolyfill.swift in Sources */,
				03C24F982ABD2CBB00F130F9 /* Preferences.swift in Sources */,
				4AED6492268CDB58001794BF /* Functions.swift in Sources */,
			);
			runOnlyForDeploymentPostprocessing = 0;
		};
/* End PBXSourcesBuildPhase section */

/* Begin PBXTargetDependency section */
		4A143AAE279DE6FF0029BFD0 /* PBXTargetDependency */ = {
			isa = PBXTargetDependency;
			target = 4A57B9EB227235CD008A9763 /* Mac-App */;
			targetProxy = 4A143AAD279DE6FF0029BFD0 /* PBXContainerItemProxy */;
		};
		4A4CF6FA270A38BF00111584 /* PBXTargetDependency */ = {
			isa = PBXTargetDependency;
			target = 4A4CF6F6270A38BF00111584 /* iOS-Safari-Extension */;
			targetProxy = 4A4CF6F9270A38BF00111584 /* PBXContainerItemProxy */;
		};
		4A57BA02227235CE008A9763 /* PBXTargetDependency */ = {
			isa = PBXTargetDependency;
			target = 4A57B9FE227235CE008A9763 /* Mac-Safari-Extension */;
			targetProxy = 4A57BA01227235CE008A9763 /* PBXContainerItemProxy */;
		};
/* End PBXTargetDependency section */

/* Begin PBXVariantGroup section */
		033661A329510B7900CFE179 /* View.storyboard */ = {
			isa = PBXVariantGroup;
			children = (
				033661A429510B7900CFE179 /* Base */,
			);
			name = View.storyboard;
			sourceTree = "<group>";
		};
		4A4CF6EB270A38BD00111584 /* LaunchScreen.storyboard */ = {
			isa = PBXVariantGroup;
			children = (
				4A4CF6EC270A38BD00111584 /* Base */,
			);
			name = LaunchScreen.storyboard;
			sourceTree = "<group>";
		};
		4A4CF6EE270A38BD00111584 /* Main.storyboard */ = {
			isa = PBXVariantGroup;
			children = (
				4A4CF6EF270A38BD00111584 /* Base */,
			);
			name = Main.storyboard;
			sourceTree = "<group>";
		};
		4A57B9F3227235CD008A9763 /* Main.storyboard */ = {
			isa = PBXVariantGroup;
			children = (
				4A57B9F4227235CD008A9763 /* Base */,
			);
			name = Main.storyboard;
			sourceTree = "<group>";
		};
/* End PBXVariantGroup section */

/* Begin XCBuildConfiguration section */
		039F59602B03A48A002E9977 /* Vite */ = {
			isa = XCBuildConfiguration;
			baseConfigurationReference = 039F59662B03AE5A002E9977 /* Userscripts-Vite.xcconfig */;
			buildSettings = {
			};
			name = Vite;
		};
		039F59612B03A48A002E9977 /* Vite */ = {
			isa = XCBuildConfiguration;
			baseConfigurationReference = 7878ED38299BBEBF00E36A24 /* Mac-App.xcconfig */;
			buildSettings = {
			};
			name = Vite;
		};
		039F59622B03A48A002E9977 /* Vite */ = {
			isa = XCBuildConfiguration;
			baseConfigurationReference = 7878ED32299BBEBF00E36A24 /* Mac-Safari-Extension.xcconfig */;
			buildSettings = {
			};
			name = Vite;
		};
		039F59632B03A48A002E9977 /* Vite */ = {
			isa = XCBuildConfiguration;
			baseConfigurationReference = 7878ED34299BBEBF00E36A24 /* iOS-App.xcconfig */;
			buildSettings = {
			};
			name = Vite;
		};
		039F59642B03A48A002E9977 /* Vite */ = {
			isa = XCBuildConfiguration;
			baseConfigurationReference = 7878ED2F299BBEBF00E36A24 /* iOS-Safari-Extension.xcconfig */;
			buildSettings = {
			};
			name = Vite;
		};
		039F59652B03A48A002E9977 /* Vite */ = {
			isa = XCBuildConfiguration;
			baseConfigurationReference = 7878ED31299BBEBF00E36A24 /* Mac-Tests.xcconfig */;
			buildSettings = {
			};
			name = Vite;
		};
		4A143AAF279DE6FF0029BFD0 /* Debug */ = {
			isa = XCBuildConfiguration;
			baseConfigurationReference = 7878ED31299BBEBF00E36A24 /* Mac-Tests.xcconfig */;
			buildSettings = {
			};
			name = Debug;
		};
		4A143AB0279DE6FF0029BFD0 /* Release */ = {
			isa = XCBuildConfiguration;
			baseConfigurationReference = 7878ED31299BBEBF00E36A24 /* Mac-Tests.xcconfig */;
			buildSettings = {
			};
			name = Release;
		};
		4A4CF711270A38BF00111584 /* Debug */ = {
			isa = XCBuildConfiguration;
			baseConfigurationReference = 7878ED34299BBEBF00E36A24 /* iOS-App.xcconfig */;
			buildSettings = {
			};
			name = Debug;
		};
		4A4CF712270A38BF00111584 /* Release */ = {
			isa = XCBuildConfiguration;
			baseConfigurationReference = 7878ED34299BBEBF00E36A24 /* iOS-App.xcconfig */;
			buildSettings = {
			};
			name = Release;
		};
		4A4CF714270A38BF00111584 /* Debug */ = {
			isa = XCBuildConfiguration;
			baseConfigurationReference = 7878ED2F299BBEBF00E36A24 /* iOS-Safari-Extension.xcconfig */;
			buildSettings = {
			};
			name = Debug;
		};
		4A4CF715270A38BF00111584 /* Release */ = {
			isa = XCBuildConfiguration;
			baseConfigurationReference = 7878ED2F299BBEBF00E36A24 /* iOS-Safari-Extension.xcconfig */;
			buildSettings = {
			};
			name = Release;
		};
		4A57BA14227235CE008A9763 /* Debug */ = {
			isa = XCBuildConfiguration;
			baseConfigurationReference = 78391D4629A4CB3C00979E34 /* Userscripts-Debug.xcconfig */;
			buildSettings = {
			};
			name = Debug;
		};
		4A57BA15227235CE008A9763 /* Release */ = {
			isa = XCBuildConfiguration;
			baseConfigurationReference = 78391D4729A4CB3C00979E34 /* Userscripts-Release.xcconfig */;
			buildSettings = {
			};
			name = Release;
		};
		4A57BA17227235CE008A9763 /* Debug */ = {
			isa = XCBuildConfiguration;
			baseConfigurationReference = 7878ED32299BBEBF00E36A24 /* Mac-Safari-Extension.xcconfig */;
			buildSettings = {
			};
			name = Debug;
		};
		4A57BA18227235CE008A9763 /* Release */ = {
			isa = XCBuildConfiguration;
			baseConfigurationReference = 7878ED32299BBEBF00E36A24 /* Mac-Safari-Extension.xcconfig */;
			buildSettings = {
			};
			name = Release;
		};
		4A57BA1B227235CE008A9763 /* Debug */ = {
			isa = XCBuildConfiguration;
			baseConfigurationReference = 7878ED38299BBEBF00E36A24 /* Mac-App.xcconfig */;
			buildSettings = {
			};
			name = Debug;
		};
		4A57BA1C227235CE008A9763 /* Release */ = {
			isa = XCBuildConfiguration;
			baseConfigurationReference = 7878ED38299BBEBF00E36A24 /* Mac-App.xcconfig */;
			buildSettings = {
			};
			name = Release;
		};
/* End XCBuildConfiguration section */

/* Begin XCConfigurationList section */
		4A143AB1279DE6FF0029BFD0 /* Build configuration list for PBXNativeTarget "Mac-Tests" */ = {
			isa = XCConfigurationList;
			buildConfigurations = (
				039F59652B03A48A002E9977 /* Vite */,
				4A143AAF279DE6FF0029BFD0 /* Debug */,
				4A143AB0279DE6FF0029BFD0 /* Release */,
			);
			defaultConfigurationIsVisible = 0;
			defaultConfigurationName = Debug;
		};
		4A4CF716270A38BF00111584 /* Build configuration list for PBXNativeTarget "iOS-Safari-Extension" */ = {
			isa = XCConfigurationList;
			buildConfigurations = (
				039F59642B03A48A002E9977 /* Vite */,
				4A4CF714270A38BF00111584 /* Debug */,
				4A4CF715270A38BF00111584 /* Release */,
			);
			defaultConfigurationIsVisible = 0;
			defaultConfigurationName = Debug;
		};
		4A4CF717270A38BF00111584 /* Build configuration list for PBXNativeTarget "iOS-App" */ = {
			isa = XCConfigurationList;
			buildConfigurations = (
				039F59632B03A48A002E9977 /* Vite */,
				4A4CF711270A38BF00111584 /* Debug */,
				4A4CF712270A38BF00111584 /* Release */,
			);
			defaultConfigurationIsVisible = 0;
			defaultConfigurationName = Debug;
		};
		4A57B9E7227235CD008A9763 /* Build configuration list for PBXProject "Userscripts" */ = {
			isa = XCConfigurationList;
			buildConfigurations = (
				039F59602B03A48A002E9977 /* Vite */,
				4A57BA14227235CE008A9763 /* Debug */,
				4A57BA15227235CE008A9763 /* Release */,
			);
			defaultConfigurationIsVisible = 0;
			defaultConfigurationName = Debug;
		};
		4A57BA16227235CE008A9763 /* Build configuration list for PBXNativeTarget "Mac-Safari-Extension" */ = {
			isa = XCConfigurationList;
			buildConfigurations = (
				039F59622B03A48A002E9977 /* Vite */,
				4A57BA17227235CE008A9763 /* Debug */,
				4A57BA18227235CE008A9763 /* Release */,
			);
			defaultConfigurationIsVisible = 0;
			defaultConfigurationName = Debug;
		};
		4A57BA1A227235CE008A9763 /* Build configuration list for PBXNativeTarget "Mac-App" */ = {
			isa = XCConfigurationList;
			buildConfigurations = (
				039F59612B03A48A002E9977 /* Vite */,
				4A57BA1B227235CE008A9763 /* Debug */,
				4A57BA1C227235CE008A9763 /* Release */,
			);
			defaultConfigurationIsVisible = 0;
			defaultConfigurationName = Debug;
		};
/* End XCConfigurationList section */
	};
	rootObject = 4A57B9E4227235CD008A9763 /* Project object */;
}
